// !$*UTF8*$!
{
	archiveVersion = 1;
	classes = {
	};
	objectVersion = 56;
	objects = {

/* Begin PBXBuildFile section */
		C1769C5C2A755B910043BAF5 /* main.swift in Sources */ = {isa = PBXBuildFile; fileRef = C1769C5B2A755B910043BAF5 /* main.swift */; };
		C1AFD6EC2A7B87840018FC4D /* baekjoon2903.swift in Sources */ = {isa = PBXBuildFile; fileRef = C1AFD6EB2A7B87840018FC4D /* baekjoon2903.swift */; };
		C1B4FC522A80E95E009AA051 /* baekjoon2292.swift in Sources */ = {isa = PBXBuildFile; fileRef = C1B4FC512A80E95E009AA051 /* baekjoon2292.swift */; };
		C1C3B1942A860C07003C92ED /* baekjoon2720.swift in Sources */ = {isa = PBXBuildFile; fileRef = C1C3B1932A860C07003C92ED /* baekjoon2720.swift */; };
		C1C3B1962A863267003C92ED /* baekjoon2745.swift in Sources */ = {isa = PBXBuildFile; fileRef = C1C3B1952A863267003C92ED /* baekjoon2745.swift */; };
		C1C3B1982A863460003C92ED /* backjoon11005.swift in Sources */ = {isa = PBXBuildFile; fileRef = C1C3B1972A863460003C92ED /* backjoon11005.swift */; };
/* End PBXBuildFile section */

/* Begin PBXCopyFilesBuildPhase section */
		C1769C562A755B910043BAF5 /* CopyFiles */ = {
			isa = PBXCopyFilesBuildPhase;
			buildActionMask = 2147483647;
			dstPath = /usr/share/man/man1/;
			dstSubfolderSpec = 0;
			files = (
			);
			runOnlyForDeploymentPostprocessing = 1;
		};
/* End PBXCopyFilesBuildPhase section */

/* Begin PBXFileReference section */
		C1769C582A755B910043BAF5 /* Math1 */ = {isa = PBXFileReference; explicitFileType = "compiled.mach-o.executable"; includeInIndex = 0; path = Math1; sourceTree = BUILT_PRODUCTS_DIR; };
		C1769C5B2A755B910043BAF5 /* main.swift */ = {isa = PBXFileReference; lastKnownFileType = sourcecode.swift; path = main.swift; sourceTree = "<group>"; };
		C1AFD6EB2A7B87840018FC4D /* baekjoon2903.swift */ = {isa = PBXFileReference; lastKnownFileType = sourcecode.swift; path = baekjoon2903.swift; sourceTree = "<group>"; };
		C1B4FC512A80E95E009AA051 /* baekjoon2292.swift */ = {isa = PBXFileReference; lastKnownFileType = sourcecode.swift; path = baekjoon2292.swift; sourceTree = "<group>"; };
		C1C3B1932A860C07003C92ED /* baekjoon2720.swift */ = {isa = PBXFileReference; lastKnownFileType = sourcecode.swift; path = baekjoon2720.swift; sourceTree = "<group>"; };
		C1C3B1952A863267003C92ED /* baekjoon2745.swift */ = {isa = PBXFileReference; lastKnownFileType = sourcecode.swift; path = baekjoon2745.swift; sourceTree = "<group>"; };
		C1C3B1972A863460003C92ED /* backjoon11005.swift */ = {isa = PBXFileReference; lastKnownFileType = sourcecode.swift; path = backjoon11005.swift; sourceTree = "<group>"; };
/* End PBXFileReference section */

/* Begin PBXFrameworksBuildPhase section */
		C1769C552A755B910043BAF5 /* Frameworks */ = {
			isa = PBXFrameworksBuildPhase;
			buildActionMask = 2147483647;
			files = (
			);
			runOnlyForDeploymentPostprocessing = 0;
		};
/* End PBXFrameworksBuildPhase section */

/* Begin PBXGroup section */
		C1769C4F2A755B910043BAF5 = {
			isa = PBXGroup;
			children = (
				C1769C5A2A755B910043BAF5 /* Math1 */,
				C1769C592A755B910043BAF5 /* Products */,
			);
			sourceTree = "<group>";
		};
		C1769C592A755B910043BAF5 /* Products */ = {
			isa = PBXGroup;
			children = (
				C1769C582A755B910043BAF5 /* Math1 */,
			);
			name = Products;
			sourceTree = "<group>";
		};
		C1769C5A2A755B910043BAF5 /* Math1 */ = {
			isa = PBXGroup;
			children = (
				C1769C5B2A755B910043BAF5 /* main.swift */,
				C1C3B1932A860C07003C92ED /* baekjoon2720.swift */,
				C1AFD6EB2A7B87840018FC4D /* baekjoon2903.swift */,
				C1B4FC512A80E95E009AA051 /* baekjoon2292.swift */,
				C1C3B1952A863267003C92ED /* baekjoon2745.swift */,
				C1C3B1972A863460003C92ED /* backjoon11005.swift */,
			);
			path = Math1;
			sourceTree = "<group>";
		};
/* End PBXGroup section */

/* Begin PBXNativeTarget section */
		C1769C572A755B910043BAF5 /* Math1 */ = {
			isa = PBXNativeTarget;
			buildConfigurationList = C1769C5F2A755B910043BAF5 /* Build configuration list for PBXNativeTarget "Math1" */;
			buildPhases = (
				C1769C542A755B910043BAF5 /* Sources */,
				C1769C552A755B910043BAF5 /* Frameworks */,
				C1769C562A755B910043BAF5 /* CopyFiles */,
			);
			buildRules = (
			);
			dependencies = (
			);
			name = Math1;
			productName = Math1;
			productReference = C1769C582A755B910043BAF5 /* Math1 */;
			productType = "com.apple.product-type.tool";
		};
/* End PBXNativeTarget section */

/* Begin PBXProject section */
		C1769C502A755B910043BAF5 /* Project object */ = {
			isa = PBXProject;
			attributes = {
				BuildIndependentTargetsInParallel = 1;
				LastSwiftUpdateCheck = 1430;
				LastUpgradeCheck = 1430;
				TargetAttributes = {
					C1769C572A755B910043BAF5 = {
						CreatedOnToolsVersion = 14.3.1;
					};
				};
			};
			buildConfigurationList = C1769C532A755B910043BAF5 /* Build configuration list for PBXProject "Math1" */;
			compatibilityVersion = "Xcode 14.0";
			developmentRegion = en;
			hasScannedForEncodings = 0;
			knownRegions = (
				en,
				Base,
			);
			mainGroup = C1769C4F2A755B910043BAF5;
			productRefGroup = C1769C592A755B910043BAF5 /* Products */;
			projectDirPath = "";
			projectRoot = "";
			targets = (
				C1769C572A755B910043BAF5 /* Math1 */,
			);
		};
/* End PBXProject section */

/* Begin PBXSourcesBuildPhase section */
		C1769C542A755B910043BAF5 /* Sources */ = {
			isa = PBXSourcesBuildPhase;
			buildActionMask = 2147483647;
			files = (
				C1B4FC522A80E95E009AA051 /* baekjoon2292.swift in Sources */,
				C1C3B1942A860C07003C92ED /* baekjoon2720.swift in Sources */,
				C1C3B1982A863460003C92ED /* backjoon11005.swift in Sources */,
				C1AFD6EC2A7B87840018FC4D /* baekjoon2903.swift in Sources */,
				C1769C5C2A755B910043BAF5 /* main.swift in Sources */,
				C1C3B1962A863267003C92ED /* baekjoon2745.swift in Sources */,
			);
			runOnlyForDeploymentPostprocessing = 0;
		};
/* End PBXSourcesBuildPhase section */

/* Begin XCBuildConfiguration section */
		C1769C5D2A755B910043BAF5 /* Debug */ = {
			isa = XCBuildConfiguration;
			buildSettings = {
				ALWAYS_SEARCH_USER_PATHS = NO;
				CLANG_ANALYZER_NONNULL = YES;
				CLANG_ANALYZER_NUMBER_OBJECT_CONVERSION = YES_AGGRESSIVE;
				CLANG_CXX_LANGUAGE_STANDARD = "gnu++20";
				CLANG_ENABLE_MODULES = YES;
				CLANG_ENABLE_OBJC_ARC = YES;
				CLANG_ENABLE_OBJC_WEAK = YES;
				CLANG_WARN_BLOCK_CAPTURE_AUTORELEASING = YES;
				CLANG_WARN_BOOL_CONVERSION = YES;
				CLANG_WARN_COMMA = YES;
				CLANG_WARN_CONSTANT_CONVERSION = YES;
				CLANG_WARN_DEPRECATED_OBJC_IMPLEMENTATIONS = YES;
				CLANG_WARN_DIRECT_OBJC_ISA_USAGE = YES_ERROR;
				CLANG_WARN_DOCUMENTATION_COMMENTS = YES;
				CLANG_WARN_EMPTY_BODY = YES;
				CLANG_WARN_ENUM_CONVERSION = YES;
				CLANG_WARN_INFINITE_RECURSION = YES;
				CLANG_WARN_INT_CONVERSION = YES;
				CLANG_WARN_NON_LITERAL_NULL_CONVERSION = YES;
				CLANG_WARN_OBJC_IMPLICIT_RETAIN_SELF = YES;
				CLANG_WARN_OBJC_LITERAL_CONVERSION = YES;
				CLANG_WARN_OBJC_ROOT_CLASS = YES_ERROR;
				CLANG_WARN_QUOTED_INCLUDE_IN_FRAMEWORK_HEADER = YES;
				CLANG_WARN_RANGE_LOOP_ANALYSIS = YES;
				CLANG_WARN_STRICT_PROTOTYPES = YES;
				CLANG_WARN_SUSPICIOUS_MOVE = YES;
				CLANG_WARN_UNGUARDED_AVAILABILITY = YES_AGGRESSIVE;
				CLANG_WARN_UNREACHABLE_CODE = YES;
				CLANG_WARN__DUPLICATE_METHOD_MATCH = YES;
				COPY_PHASE_STRIP = NO;
				DEBUG_INFORMATION_FORMAT = dwarf;
				ENABLE_STRICT_OBJC_MSGSEND = YES;
				ENABLE_TESTABILITY = YES;
				GCC_C_LANGUAGE_STANDARD = gnu11;
				GCC_DYNAMIC_NO_PIC = NO;
				GCC_NO_COMMON_BLOCKS = YES;
				GCC_OPTIMIZATION_LEVEL = 0;
				GCC_PREPROCESSOR_DEFINITIONS = (
					"DEBUG=1",
					"$(inherited)",
				);
				GCC_WARN_64_TO_32_BIT_CONVERSION = YES;
				GCC_WARN_ABOUT_RETURN_TYPE = YES_ERROR;
				GCC_WARN_UNDECLARED_SELECTOR = YES;
				GCC_WARN_UNINITIALIZED_AUTOS = YES_AGGRESSIVE;
				GCC_WARN_UNUSED_FUNCTION = YES;
				GCC_WARN_UNUSED_VARIABLE = YES;
				MACOSX_DEPLOYMENT_TARGET = 13.3;
				MTL_ENABLE_DEBUG_INFO = INCLUDE_SOURCE;
				MTL_FAST_MATH = YES;
				ONLY_ACTIVE_ARCH = YES;
				SDKROOT = macosx;
				SWIFT_ACTIVE_COMPILATION_CONDITIONS = DEBUG;
				SWIFT_OPTIMIZATION_LEVEL = "-Onone";
			};
			name = Debug;
		};
		C1769C5E2A755B910043BAF5 /* Release */ = {
			isa = XCBuildConfiguration;
			buildSettings = {
				ALWAYS_SEARCH_USER_PATHS = NO;
				CLANG_ANALYZER_NONNULL = YES;
				CLANG_ANALYZER_NUMBER_OBJECT_CONVERSION = YES_AGGRESSIVE;
				CLANG_CXX_LANGUAGE_STANDARD = "gnu++20";
				CLANG_ENABLE_MODULES = YES;
				CLANG_ENABLE_OBJC_ARC = YES;
				CLANG_ENABLE_OBJC_WEAK = YES;
				CLANG_WARN_BLOCK_CAPTURE_AUTORELEASING = YES;
				CLANG_WARN_BOOL_CONVERSION = YES;
				CLANG_WARN_COMMA = YES;
				CLANG_WARN_CONSTANT_CONVERSION = YES;
				CLANG_WARN_DEPRECATED_OBJC_IMPLEMENTATIONS = YES;
				CLANG_WARN_DIRECT_OBJC_ISA_USAGE = YES_ERROR;
				CLANG_WARN_DOCUMENTATION_COMMENTS = YES;
				CLANG_WARN_EMPTY_BODY = YES;
				CLANG_WARN_ENUM_CONVERSION = YES;
				CLANG_WARN_INFINITE_RECURSION = YES;
				CLANG_WARN_INT_CONVERSION = YES;
				CLANG_WARN_NON_LITERAL_NULL_CONVERSION = YES;
				CLANG_WARN_OBJC_IMPLICIT_RETAIN_SELF = YES;
				CLANG_WARN_OBJC_LITERAL_CONVERSION = YES;
				CLANG_WARN_OBJC_ROOT_CLASS = YES_ERROR;
				CLANG_WARN_QUOTED_INCLUDE_IN_FRAMEWORK_HEADER = YES;
				CLANG_WARN_RANGE_LOOP_ANALYSIS = YES;
				CLANG_WARN_STRICT_PROTOTYPES = YES;
				CLANG_WARN_SUSPICIOUS_MOVE = YES;
				CLANG_WARN_UNGUARDED_AVAILABILITY = YES_AGGRESSIVE;
				CLANG_WARN_UNREACHABLE_CODE = YES;
				CLANG_WARN__DUPLICATE_METHOD_MATCH = YES;
				COPY_PHASE_STRIP = NO;
				DEBUG_INFORMATION_FORMAT = "dwarf-with-dsym";
				ENABLE_NS_ASSERTIONS = NO;
				ENABLE_STRICT_OBJC_MSGSEND = YES;
				GCC_C_LANGUAGE_STANDARD = gnu11;
				GCC_NO_COMMON_BLOCKS = YES;
				GCC_WARN_64_TO_32_BIT_CONVERSION = YES;
				GCC_WARN_ABOUT_RETURN_TYPE = YES_ERROR;
				GCC_WARN_UNDECLARED_SELECTOR = YES;
				GCC_WARN_UNINITIALIZED_AUTOS = YES_AGGRESSIVE;
				GCC_WARN_UNUSED_FUNCTION = YES;
				GCC_WARN_UNUSED_VARIABLE = YES;
				MACOSX_DEPLOYMENT_TARGET = 13.3;
				MTL_ENABLE_DEBUG_INFO = NO;
				MTL_FAST_MATH = YES;
				SDKROOT = macosx;
				SWIFT_COMPILATION_MODE = wholemodule;
				SWIFT_OPTIMIZATION_LEVEL = "-O";
			};
			name = Release;
		};
		C1769C602A755B910043BAF5 /* Debug */ = {
			isa = XCBuildConfiguration;
			buildSettings = {
				CODE_SIGN_STYLE = Automatic;
				DEVELOPMENT_TEAM = G2C8H2LVDV;
				ENABLE_HARDENED_RUNTIME = YES;
				PRODUCT_NAME = "$(TARGET_NAME)";
				SWIFT_VERSION = 5.0;
			};
			name = Debug;
		};
		C1769C612A755B910043BAF5 /* Release */ = {
			isa = XCBuildConfiguration;
			buildSettings = {
				CODE_SIGN_STYLE = Automatic;
				DEVELOPMENT_TEAM = G2C8H2LVDV;
				ENABLE_HARDENED_RUNTIME = YES;
				PRODUCT_NAME = "$(TARGET_NAME)";
				SWIFT_VERSION = 5.0;
			};
			name = Release;
		};
/* End XCBuildConfiguration section */

/* Begin XCConfigurationList section */
		C1769C532A755B910043BAF5 /* Build configuration list for PBXProject "Math1" */ = {
			isa = XCConfigurationList;
			buildConfigurations = (
				C1769C5D2A755B910043BAF5 /* Debug */,
				C1769C5E2A755B910043BAF5 /* Release */,
			);
			defaultConfigurationIsVisible = 0;
			defaultConfigurationName = Release;
		};
		C1769C5F2A755B910043BAF5 /* Build configuration list for PBXNativeTarget "Math1" */ = {
			isa = XCConfigurationList;
			buildConfigurations = (
				C1769C602A755B910043BAF5 /* Debug */,
				C1769C612A755B910043BAF5 /* Release */,
			);
			defaultConfigurationIsVisible = 0;
			defaultConfigurationName = Release;
		};
/* End XCConfigurationList section */
	};
	rootObject = C1769C502A755B910043BAF5 /* Project object */;
}
