// !$*UTF8*$!
{
	archiveVersion = 1;
	classes = {
	};
	objectVersion = 56;
	objects = {

/* Begin PBXBuildFile section */
		C1071CB02A1C5C6A005E4D8F /* Content.plist in Resources */ = {isa = PBXBuildFile; fileRef = C1071CAF2A1C5C6A005E4D8F /* Content.plist */; };
		C1071CB22A1C5CB0005E4D8F /* Content.swift in Sources */ = {isa = PBXBuildFile; fileRef = C1071CB12A1C5CB0005E4D8F /* Content.swift */; };
		C1071CB42A1C9C33005E4D8F /* ContentCollectionViewCell.swift in Sources */ = {isa = PBXBuildFile; fileRef = C1071CB32A1C9C33005E4D8F /* ContentCollectionViewCell.swift */; };
		C1071CB62A1C9EEC005E4D8F /* ContentCollectionViewHeader.swift in Sources */ = {isa = PBXBuildFile; fileRef = C1071CB52A1C9EEC005E4D8F /* ContentCollectionViewHeader.swift */; };
		C1071CBF2A1CA648005E4D8F /* SnapKit-Dynamic in Frameworks */ = {isa = PBXBuildFile; productRef = C1071CBE2A1CA648005E4D8F /* SnapKit-Dynamic */; };
		C1071CC32A1DB7C1005E4D8F /* ContentCollectionViewRankCell.swift in Sources */ = {isa = PBXBuildFile; fileRef = C1071CC22A1DB7C1005E4D8F /* ContentCollectionViewRankCell.swift */; };
		C1071CC52A1DC151005E4D8F /* ContentCollectionViewMainCell.swift in Sources */ = {isa = PBXBuildFile; fileRef = C1071CC42A1DC151005E4D8F /* ContentCollectionViewMainCell.swift */; };
		C13009062A1B23C3000AC996 /* AppDelegate.swift in Sources */ = {isa = PBXBuildFile; fileRef = C13009052A1B23C3000AC996 /* AppDelegate.swift */; };
		C13009082A1B23C3000AC996 /* SceneDelegate.swift in Sources */ = {isa = PBXBuildFile; fileRef = C13009072A1B23C3000AC996 /* SceneDelegate.swift */; };
		C130090F2A1B23C4000AC996 /* Assets.xcassets in Resources */ = {isa = PBXBuildFile; fileRef = C130090E2A1B23C4000AC996 /* Assets.xcassets */; };
		C13009122A1B23C4000AC996 /* LaunchScreen.storyboard in Resources */ = {isa = PBXBuildFile; fileRef = C13009102A1B23C4000AC996 /* LaunchScreen.storyboard */; };
		C130091A2A1B250D000AC996 /* HomeViewConroller.swift in Sources */ = {isa = PBXBuildFile; fileRef = C13009192A1B250D000AC996 /* HomeViewConroller.swift */; };
/* End PBXBuildFile section */

/* Begin PBXFileReference section */
		C1071CAF2A1C5C6A005E4D8F /* Content.plist */ = {isa = PBXFileReference; fileEncoding = 4; lastKnownFileType = text.plist.xml; path = Content.plist; sourceTree = "<group>"; };
		C1071CB12A1C5CB0005E4D8F /* Content.swift */ = {isa = PBXFileReference; lastKnownFileType = sourcecode.swift; path = Content.swift; sourceTree = "<group>"; };
		C1071CB32A1C9C33005E4D8F /* ContentCollectionViewCell.swift */ = {isa = PBXFileReference; lastKnownFileType = sourcecode.swift; path = ContentCollectionViewCell.swift; sourceTree = "<group>"; };
		C1071CB52A1C9EEC005E4D8F /* ContentCollectionViewHeader.swift */ = {isa = PBXFileReference; lastKnownFileType = sourcecode.swift; path = ContentCollectionViewHeader.swift; sourceTree = "<group>"; };
		C1071CC22A1DB7C1005E4D8F /* ContentCollectionViewRankCell.swift */ = {isa = PBXFileReference; lastKnownFileType = sourcecode.swift; path = ContentCollectionViewRankCell.swift; sourceTree = "<group>"; };
		C1071CC42A1DC151005E4D8F /* ContentCollectionViewMainCell.swift */ = {isa = PBXFileReference; lastKnownFileType = sourcecode.swift; path = ContentCollectionViewMainCell.swift; sourceTree = "<group>"; };
		C13009022A1B23C3000AC996 /* netFlix_fc.app */ = {isa = PBXFileReference; explicitFileType = wrapper.application; includeInIndex = 0; path = netFlix_fc.app; sourceTree = BUILT_PRODUCTS_DIR; };
		C13009052A1B23C3000AC996 /* AppDelegate.swift */ = {isa = PBXFileReference; lastKnownFileType = sourcecode.swift; path = AppDelegate.swift; sourceTree = "<group>"; };
		C13009072A1B23C3000AC996 /* SceneDelegate.swift */ = {isa = PBXFileReference; lastKnownFileType = sourcecode.swift; path = SceneDelegate.swift; sourceTree = "<group>"; };
		C130090E2A1B23C4000AC996 /* Assets.xcassets */ = {isa = PBXFileReference; lastKnownFileType = folder.assetcatalog; path = Assets.xcassets; sourceTree = "<group>"; };
		C13009112A1B23C4000AC996 /* Base */ = {isa = PBXFileReference; lastKnownFileType = file.storyboard; name = Base; path = Base.lproj/LaunchScreen.storyboard; sourceTree = "<group>"; };
		C13009132A1B23C4000AC996 /* Info.plist */ = {isa = PBXFileReference; lastKnownFileType = text.plist.xml; path = Info.plist; sourceTree = "<group>"; };
		C13009192A1B250D000AC996 /* HomeViewConroller.swift */ = {isa = PBXFileReference; lastKnownFileType = sourcecode.swift; path = HomeViewConroller.swift; sourceTree = "<group>"; };
/* End PBXFileReference section */

/* Begin PBXFrameworksBuildPhase section */
		C13008FF2A1B23C3000AC996 /* Frameworks */ = {
			isa = PBXFrameworksBuildPhase;
			buildActionMask = 2147483647;
			files = (
				C1071CBF2A1CA648005E4D8F /* SnapKit-Dynamic in Frameworks */,
			);
			runOnlyForDeploymentPostprocessing = 0;
		};
/* End PBXFrameworksBuildPhase section */

/* Begin PBXGroup section */
		C13008F92A1B23C3000AC996 = {
			isa = PBXGroup;
			children = (
				C13009042A1B23C3000AC996 /* netFlix_fc */,
				C13009032A1B23C3000AC996 /* Products */,
			);
			sourceTree = "<group>";
		};
		C13009032A1B23C3000AC996 /* Products */ = {
			isa = PBXGroup;
			children = (
				C13009022A1B23C3000AC996 /* netFlix_fc.app */,
			);
			name = Products;
			sourceTree = "<group>";
		};
		C13009042A1B23C3000AC996 /* netFlix_fc */ = {
			isa = PBXGroup;
			children = (
				C13009052A1B23C3000AC996 /* AppDelegate.swift */,
				C13009072A1B23C3000AC996 /* SceneDelegate.swift */,
				C130090E2A1B23C4000AC996 /* Assets.xcassets */,
				C13009102A1B23C4000AC996 /* LaunchScreen.storyboard */,
				C13009132A1B23C4000AC996 /* Info.plist */,
				C13009192A1B250D000AC996 /* HomeViewConroller.swift */,
				C1071CAF2A1C5C6A005E4D8F /* Content.plist */,
				C1071CB12A1C5CB0005E4D8F /* Content.swift */,
				C1071CB32A1C9C33005E4D8F /* ContentCollectionViewCell.swift */,
				C1071CB52A1C9EEC005E4D8F /* ContentCollectionViewHeader.swift */,
				C1071CC22A1DB7C1005E4D8F /* ContentCollectionViewRankCell.swift */,
				C1071CC42A1DC151005E4D8F /* ContentCollectionViewMainCell.swift */,
			);
			path = netFlix_fc;
			sourceTree = "<group>";
		};
/* End PBXGroup section */

/* Begin PBXNativeTarget section */
		C13009012A1B23C3000AC996 /* netFlix_fc */ = {
			isa = PBXNativeTarget;
			buildConfigurationList = C13009162A1B23C4000AC996 /* Build configuration list for PBXNativeTarget "netFlix_fc" */;
			buildPhases = (
				C13008FE2A1B23C3000AC996 /* Sources */,
				C13008FF2A1B23C3000AC996 /* Frameworks */,
				C13009002A1B23C3000AC996 /* Resources */,
			);
			buildRules = (
			);
			dependencies = (
			);
			name = netFlix_fc;
			packageProductDependencies = (
				C1071CBE2A1CA648005E4D8F /* SnapKit-Dynamic */,
			);
			productName = netFlix_fc;
			productReference = C13009022A1B23C3000AC996 /* netFlix_fc.app */;
			productType = "com.apple.product-type.application";
		};
/* End PBXNativeTarget section */

/* Begin PBXProject section */
		C13008FA2A1B23C3000AC996 /* Project object */ = {
			isa = PBXProject;
			attributes = {
				BuildIndependentTargetsInParallel = 1;
				LastSwiftUpdateCheck = 1430;
				LastUpgradeCheck = 1430;
				TargetAttributes = {
					C13009012A1B23C3000AC996 = {
						CreatedOnToolsVersion = 14.3;
					};
				};
			};
			buildConfigurationList = C13008FD2A1B23C3000AC996 /* Build configuration list for PBXProject "netFlix_fc" */;
			compatibilityVersion = "Xcode 14.0";
			developmentRegion = en;
			hasScannedForEncodings = 0;
			knownRegions = (
				en,
				Base,
			);
			mainGroup = C13008F92A1B23C3000AC996;
			packageReferences = (
				C1071CBD2A1CA648005E4D8F /* XCRemoteSwiftPackageReference "SnapKit" */,
			);
			productRefGroup = C13009032A1B23C3000AC996 /* Products */;
			projectDirPath = "";
			projectRoot = "";
			targets = (
				C13009012A1B23C3000AC996 /* netFlix_fc */,
			);
		};
/* End PBXProject section */

/* Begin PBXResourcesBuildPhase section */
		C13009002A1B23C3000AC996 /* Resources */ = {
			isa = PBXResourcesBuildPhase;
			buildActionMask = 2147483647;
			files = (
				C13009122A1B23C4000AC996 /* LaunchScreen.storyboard in Resources */,
				C130090F2A1B23C4000AC996 /* Assets.xcassets in Resources */,
				C1071CB02A1C5C6A005E4D8F /* Content.plist in Resources */,
			);
			runOnlyForDeploymentPostprocessing = 0;
		};
/* End PBXResourcesBuildPhase section */

/* Begin PBXSourcesBuildPhase section */
		C13008FE2A1B23C3000AC996 /* Sources */ = {
			isa = PBXSourcesBuildPhase;
			buildActionMask = 2147483647;
			files = (
				C130091A2A1B250D000AC996 /* HomeViewConroller.swift in Sources */,
				C1071CB62A1C9EEC005E4D8F /* ContentCollectionViewHeader.swift in Sources */,
				C13009062A1B23C3000AC996 /* AppDelegate.swift in Sources */,
				C1071CC32A1DB7C1005E4D8F /* ContentCollectionViewRankCell.swift in Sources */,
				C1071CB42A1C9C33005E4D8F /* ContentCollectionViewCell.swift in Sources */,
				C1071CC52A1DC151005E4D8F /* ContentCollectionViewMainCell.swift in Sources */,
				C13009082A1B23C3000AC996 /* SceneDelegate.swift in Sources */,
				C1071CB22A1C5CB0005E4D8F /* Content.swift in Sources */,
			);
			runOnlyForDeploymentPostprocessing = 0;
		};
/* End PBXSourcesBuildPhase section */

/* Begin PBXVariantGroup section */
		C13009102A1B23C4000AC996 /* LaunchScreen.storyboard */ = {
			isa = PBXVariantGroup;
			children = (
				C13009112A1B23C4000AC996 /* Base */,
			);
			name = LaunchScreen.storyboard;
			sourceTree = "<group>";
		};
/* End PBXVariantGroup section */

/* Begin XCBuildConfiguration section */
		C13009142A1B23C4000AC996 /* Debug */ = {
			isa = XCBuildConfiguration;
			buildSettings = {
				ALWAYS_SEARCH_USER_PATHS = NO;
				CLANG_ANALYZER_NONNULL = YES;
				CLANG_ANALYZER_NUMBER_OBJECT_CONVERSION = YES_AGGRESSIVE;
				CLANG_CXX_LANGUAGE_STANDARD = "gnu++20";
				CLANG_ENABLE_MODULES = YES;
				CLANG_ENABLE_OBJC_ARC = YES;
				CLANG_ENABLE_OBJC_WEAK = YES;
				CLANG_WARN_BLOCK_CAPTURE_AUTORELEASING = YES;
				CLANG_WARN_BOOL_CONVERSION = YES;
				CLANG_WARN_COMMA = YES;
				CLANG_WARN_CONSTANT_CONVERSION = YES;
				CLANG_WARN_DEPRECATED_OBJC_IMPLEMENTATIONS = YES;
				CLANG_WARN_DIRECT_OBJC_ISA_USAGE = YES_ERROR;
				CLANG_WARN_DOCUMENTATION_COMMENTS = YES;
				CLANG_WARN_EMPTY_BODY = YES;
				CLANG_WARN_ENUM_CONVERSION = YES;
				CLANG_WARN_INFINITE_RECURSION = YES;
				CLANG_WARN_INT_CONVERSION = YES;
				CLANG_WARN_NON_LITERAL_NULL_CONVERSION = YES;
				CLANG_WARN_OBJC_IMPLICIT_RETAIN_SELF = YES;
				CLANG_WARN_OBJC_LITERAL_CONVERSION = YES;
				CLANG_WARN_OBJC_ROOT_CLASS = YES_ERROR;
				CLANG_WARN_QUOTED_INCLUDE_IN_FRAMEWORK_HEADER = YES;
				CLANG_WARN_RANGE_LOOP_ANALYSIS = YES;
				CLANG_WARN_STRICT_PROTOTYPES = YES;
				CLANG_WARN_SUSPICIOUS_MOVE = YES;
				CLANG_WARN_UNGUARDED_AVAILABILITY = YES_AGGRESSIVE;
				CLANG_WARN_UNREACHABLE_CODE = YES;
				CLANG_WARN__DUPLICATE_METHOD_MATCH = YES;
				COPY_PHASE_STRIP = NO;
				DEBUG_INFORMATION_FORMAT = dwarf;
				ENABLE_STRICT_OBJC_MSGSEND = YES;
				ENABLE_TESTABILITY = YES;
				GCC_C_LANGUAGE_STANDARD = gnu11;
				GCC_DYNAMIC_NO_PIC = NO;
				GCC_NO_COMMON_BLOCKS = YES;
				GCC_OPTIMIZATION_LEVEL = 0;
				GCC_PREPROCESSOR_DEFINITIONS = (
					"DEBUG=1",
					"$(inherited)",
				);
				GCC_WARN_64_TO_32_BIT_CONVERSION = YES;
				GCC_WARN_ABOUT_RETURN_TYPE = YES_ERROR;
				GCC_WARN_UNDECLARED_SELECTOR = YES;
				GCC_WARN_UNINITIALIZED_AUTOS = YES_AGGRESSIVE;
				GCC_WARN_UNUSED_FUNCTION = YES;
				GCC_WARN_UNUSED_VARIABLE = YES;
				IPHONEOS_DEPLOYMENT_TARGET = 15.5;
				MTL_ENABLE_DEBUG_INFO = INCLUDE_SOURCE;
				MTL_FAST_MATH = YES;
				ONLY_ACTIVE_ARCH = YES;
				SDKROOT = iphoneos;
				SWIFT_ACTIVE_COMPILATION_CONDITIONS = DEBUG;
				SWIFT_OPTIMIZATION_LEVEL = "-Onone";
				SWIFT_VERSION = 5.0;
			};
			name = Debug;
		};
		C13009152A1B23C4000AC996 /* Release */ = {
			isa = XCBuildConfiguration;
			buildSettings = {
				ALWAYS_SEARCH_USER_PATHS = NO;
				CLANG_ANALYZER_NONNULL = YES;
				CLANG_ANALYZER_NUMBER_OBJECT_CONVERSION = YES_AGGRESSIVE;
				CLANG_CXX_LANGUAGE_STANDARD = "gnu++20";
				CLANG_ENABLE_MODULES = YES;
				CLANG_ENABLE_OBJC_ARC = YES;
				CLANG_ENABLE_OBJC_WEAK = YES;
				CLANG_WARN_BLOCK_CAPTURE_AUTORELEASING = YES;
				CLANG_WARN_BOOL_CONVERSION = YES;
				CLANG_WARN_COMMA = YES;
				CLANG_WARN_CONSTANT_CONVERSION = YES;
				CLANG_WARN_DEPRECATED_OBJC_IMPLEMENTATIONS = YES;
				CLANG_WARN_DIRECT_OBJC_ISA_USAGE = YES_ERROR;
				CLANG_WARN_DOCUMENTATION_COMMENTS = YES;
				CLANG_WARN_EMPTY_BODY = YES;
				CLANG_WARN_ENUM_CONVERSION = YES;
				CLANG_WARN_INFINITE_RECURSION = YES;
				CLANG_WARN_INT_CONVERSION = YES;
				CLANG_WARN_NON_LITERAL_NULL_CONVERSION = YES;
				CLANG_WARN_OBJC_IMPLICIT_RETAIN_SELF = YES;
				CLANG_WARN_OBJC_LITERAL_CONVERSION = YES;
				CLANG_WARN_OBJC_ROOT_CLASS = YES_ERROR;
				CLANG_WARN_QUOTED_INCLUDE_IN_FRAMEWORK_HEADER = YES;
				CLANG_WARN_RANGE_LOOP_ANALYSIS = YES;
				CLANG_WARN_STRICT_PROTOTYPES = YES;
				CLANG_WARN_SUSPICIOUS_MOVE = YES;
				CLANG_WARN_UNGUARDED_AVAILABILITY = YES_AGGRESSIVE;
				CLANG_WARN_UNREACHABLE_CODE = YES;
				CLANG_WARN__DUPLICATE_METHOD_MATCH = YES;
				COPY_PHASE_STRIP = NO;
				DEBUG_INFORMATION_FORMAT = "dwarf-with-dsym";
				ENABLE_NS_ASSERTIONS = NO;
				ENABLE_STRICT_OBJC_MSGSEND = YES;
				GCC_C_LANGUAGE_STANDARD = gnu11;
				GCC_NO_COMMON_BLOCKS = YES;
				GCC_WARN_64_TO_32_BIT_CONVERSION = YES;
				GCC_WARN_ABOUT_RETURN_TYPE = YES_ERROR;
				GCC_WARN_UNDECLARED_SELECTOR = YES;
				GCC_WARN_UNINITIALIZED_AUTOS = YES_AGGRESSIVE;
				GCC_WARN_UNUSED_FUNCTION = YES;
				GCC_WARN_UNUSED_VARIABLE = YES;
				IPHONEOS_DEPLOYMENT_TARGET = 15.5;
				MTL_ENABLE_DEBUG_INFO = NO;
				MTL_FAST_MATH = YES;
				SDKROOT = iphoneos;
				SWIFT_COMPILATION_MODE = wholemodule;
				SWIFT_OPTIMIZATION_LEVEL = "-O";
				SWIFT_VERSION = 5.0;
				VALIDATE_PRODUCT = YES;
			};
			name = Release;
		};
		C13009172A1B23C4000AC996 /* Debug */ = {
			isa = XCBuildConfiguration;
			buildSettings = {
				ASSETCATALOG_COMPILER_APPICON_NAME = AppIcon;
				ASSETCATALOG_COMPILER_GLOBAL_ACCENT_COLOR_NAME = AccentColor;
				CODE_SIGN_STYLE = Automatic;
				CURRENT_PROJECT_VERSION = 1;
				DEVELOPMENT_TEAM = G2C8H2LVDV;
				GENERATE_INFOPLIST_FILE = YES;
				INFOPLIST_FILE = netFlix_fc/Info.plist;
				INFOPLIST_KEY_UIApplicationSupportsIndirectInputEvents = YES;
				INFOPLIST_KEY_UILaunchStoryboardName = LaunchScreen;
				INFOPLIST_KEY_UISupportedInterfaceOrientations_iPad = "UIInterfaceOrientationPortrait UIInterfaceOrientationPortraitUpsideDown UIInterfaceOrientationLandscapeLeft UIInterfaceOrientationLandscapeRight";
				INFOPLIST_KEY_UISupportedInterfaceOrientations_iPhone = "UIInterfaceOrientationPortrait UIInterfaceOrientationLandscapeLeft UIInterfaceOrientationLandscapeRight";
				LD_RUNPATH_SEARCH_PATHS = (
					"$(inherited)",
					"@executable_path/Frameworks",
				);
				MARKETING_VERSION = 1.0;
				PRODUCT_BUNDLE_IDENTIFIER = "LeeHyunHo.netFlix-fc";
				PRODUCT_NAME = "$(TARGET_NAME)";
				SWIFT_EMIT_LOC_STRINGS = YES;
				SWIFT_VERSION = 5.0;
				TARGETED_DEVICE_FAMILY = "1,2";
			};
			name = Debug;
		};
		C13009182A1B23C4000AC996 /* Release */ = {
			isa = XCBuildConfiguration;
			buildSettings = {
				ASSETCATALOG_COMPILER_APPICON_NAME = AppIcon;
				ASSETCATALOG_COMPILER_GLOBAL_ACCENT_COLOR_NAME = AccentColor;
				CODE_SIGN_STYLE = Automatic;
				CURRENT_PROJECT_VERSION = 1;
				DEVELOPMENT_TEAM = G2C8H2LVDV;
				GENERATE_INFOPLIST_FILE = YES;
				INFOPLIST_FILE = netFlix_fc/Info.plist;
				INFOPLIST_KEY_UIApplicationSupportsIndirectInputEvents = YES;
				INFOPLIST_KEY_UILaunchStoryboardName = LaunchScreen;
				INFOPLIST_KEY_UISupportedInterfaceOrientations_iPad = "UIInterfaceOrientationPortrait UIInterfaceOrientationPortraitUpsideDown UIInterfaceOrientationLandscapeLeft UIInterfaceOrientationLandscapeRight";
				INFOPLIST_KEY_UISupportedInterfaceOrientations_iPhone = "UIInterfaceOrientationPortrait UIInterfaceOrientationLandscapeLeft UIInterfaceOrientationLandscapeRight";
				LD_RUNPATH_SEARCH_PATHS = (
					"$(inherited)",
					"@executable_path/Frameworks",
				);
				MARKETING_VERSION = 1.0;
				PRODUCT_BUNDLE_IDENTIFIER = "LeeHyunHo.netFlix-fc";
				PRODUCT_NAME = "$(TARGET_NAME)";
				SWIFT_EMIT_LOC_STRINGS = YES;
				SWIFT_VERSION = 5.0;
				TARGETED_DEVICE_FAMILY = "1,2";
			};
			name = Release;
		};
/* End XCBuildConfiguration section */

/* Begin XCConfigurationList section */
		C13008FD2A1B23C3000AC996 /* Build configuration list for PBXProject "netFlix_fc" */ = {
			isa = XCConfigurationList;
			buildConfigurations = (
				C13009142A1B23C4000AC996 /* Debug */,
				C13009152A1B23C4000AC996 /* Release */,
			);
			defaultConfigurationIsVisible = 0;
			defaultConfigurationName = Release;
		};
		C13009162A1B23C4000AC996 /* Build configuration list for PBXNativeTarget "netFlix_fc" */ = {
			isa = XCConfigurationList;
			buildConfigurations = (
				C13009172A1B23C4000AC996 /* Debug */,
				C13009182A1B23C4000AC996 /* Release */,
			);
			defaultConfigurationIsVisible = 0;
			defaultConfigurationName = Release;
		};
/* End XCConfigurationList section */

/* Begin XCRemoteSwiftPackageReference section */
		C1071CBD2A1CA648005E4D8F /* XCRemoteSwiftPackageReference "SnapKit" */ = {
			isa = XCRemoteSwiftPackageReference;
			repositoryURL = "https://github.com/SnapKit/SnapKit.git";
			requirement = {
				kind = upToNextMajorVersion;
				minimumVersion = 5.0.0;
			};
		};
/* End XCRemoteSwiftPackageReference section */

/* Begin XCSwiftPackageProductDependency section */
		C1071CBE2A1CA648005E4D8F /* SnapKit-Dynamic */ = {
			isa = XCSwiftPackageProductDependency;
			package = C1071CBD2A1CA648005E4D8F /* XCRemoteSwiftPackageReference "SnapKit" */;
			productName = "SnapKit-Dynamic";
		};
/* End XCSwiftPackageProductDependency section */
	};
	rootObject = C13008FA2A1B23C3000AC996 /* Project object */;
}
