// !$*UTF8*$!
{
	archiveVersion = 1;
	classes = {
	};
	objectVersion = 56;
	objects = {

/* Begin PBXBuildFile section */
		C1030A1929A8D362009609D8 /* AppDelegate.swift in Sources */ = {isa = PBXBuildFile; fileRef = C1030A1829A8D362009609D8 /* AppDelegate.swift */; };
		C1030A1B29A8D362009609D8 /* SceneDelegate.swift in Sources */ = {isa = PBXBuildFile; fileRef = C1030A1A29A8D362009609D8 /* SceneDelegate.swift */; };
		C1030A1D29A8D362009609D8 /* ViewController.swift in Sources */ = {isa = PBXBuildFile; fileRef = C1030A1C29A8D362009609D8 /* ViewController.swift */; };
		C1030A2029A8D362009609D8 /* Main.storyboard in Resources */ = {isa = PBXBuildFile; fileRef = C1030A1E29A8D362009609D8 /* Main.storyboard */; };
		C1030A2229A8D364009609D8 /* Assets.xcassets in Resources */ = {isa = PBXBuildFile; fileRef = C1030A2129A8D364009609D8 /* Assets.xcassets */; };
		C1030A2529A8D364009609D8 /* LaunchScreen.storyboard in Resources */ = {isa = PBXBuildFile; fileRef = C1030A2329A8D364009609D8 /* LaunchScreen.storyboard */; };
		C17DE7B429AC7BD6002773D7 /* folderImage.png in Resources */ = {isa = PBXBuildFile; fileRef = C17DE7B329AC7BD6002773D7 /* folderImage.png */; };
		C17DE7B629AC7C6A002773D7 /* FolderCell.swift in Sources */ = {isa = PBXBuildFile; fileRef = C17DE7B529AC7C6A002773D7 /* FolderCell.swift */; };
		C17DE7B829AC80D7002773D7 /* Folder.swift in Sources */ = {isa = PBXBuildFile; fileRef = C17DE7B729AC80D7002773D7 /* Folder.swift */; };
/* End PBXBuildFile section */

/* Begin PBXFileReference section */
		C1030A1529A8D362009609D8 /* haeIn_photoes.app */ = {isa = PBXFileReference; explicitFileType = wrapper.application; includeInIndex = 0; path = haeIn_photoes.app; sourceTree = BUILT_PRODUCTS_DIR; };
		C1030A1829A8D362009609D8 /* AppDelegate.swift */ = {isa = PBXFileReference; lastKnownFileType = sourcecode.swift; path = AppDelegate.swift; sourceTree = "<group>"; };
		C1030A1A29A8D362009609D8 /* SceneDelegate.swift */ = {isa = PBXFileReference; lastKnownFileType = sourcecode.swift; path = SceneDelegate.swift; sourceTree = "<group>"; };
		C1030A1C29A8D362009609D8 /* ViewController.swift */ = {isa = PBXFileReference; lastKnownFileType = sourcecode.swift; path = ViewController.swift; sourceTree = "<group>"; };
		C1030A1F29A8D362009609D8 /* Base */ = {isa = PBXFileReference; lastKnownFileType = file.storyboard; name = Base; path = Base.lproj/Main.storyboard; sourceTree = "<group>"; };
		C1030A2129A8D364009609D8 /* Assets.xcassets */ = {isa = PBXFileReference; lastKnownFileType = folder.assetcatalog; path = Assets.xcassets; sourceTree = "<group>"; };
		C1030A2429A8D364009609D8 /* Base */ = {isa = PBXFileReference; lastKnownFileType = file.storyboard; name = Base; path = Base.lproj/LaunchScreen.storyboard; sourceTree = "<group>"; };
		C1030A2629A8D364009609D8 /* Info.plist */ = {isa = PBXFileReference; lastKnownFileType = text.plist.xml; path = Info.plist; sourceTree = "<group>"; };
		C17DE7B329AC7BD6002773D7 /* folderImage.png */ = {isa = PBXFileReference; lastKnownFileType = image.png; path = folderImage.png; sourceTree = "<group>"; };
		C17DE7B529AC7C6A002773D7 /* FolderCell.swift */ = {isa = PBXFileReference; lastKnownFileType = sourcecode.swift; path = FolderCell.swift; sourceTree = "<group>"; };
		C17DE7B729AC80D7002773D7 /* Folder.swift */ = {isa = PBXFileReference; lastKnownFileType = sourcecode.swift; path = Folder.swift; sourceTree = "<group>"; };
/* End PBXFileReference section */

/* Begin PBXFrameworksBuildPhase section */
		C1030A1229A8D362009609D8 /* Frameworks */ = {
			isa = PBXFrameworksBuildPhase;
			buildActionMask = 2147483647;
			files = (
			);
			runOnlyForDeploymentPostprocessing = 0;
		};
/* End PBXFrameworksBuildPhase section */

/* Begin PBXGroup section */
		C1030A0C29A8D362009609D8 = {
			isa = PBXGroup;
			children = (
				C17DE7B729AC80D7002773D7 /* Folder.swift */,
				C1030A1729A8D362009609D8 /* haeIn_photoes */,
				C1030A1629A8D362009609D8 /* Products */,
			);
			sourceTree = "<group>";
		};
		C1030A1629A8D362009609D8 /* Products */ = {
			isa = PBXGroup;
			children = (
				C1030A1529A8D362009609D8 /* haeIn_photoes.app */,
			);
			name = Products;
			sourceTree = "<group>";
		};
		C1030A1729A8D362009609D8 /* haeIn_photoes */ = {
			isa = PBXGroup;
			children = (
				C1030A1829A8D362009609D8 /* AppDelegate.swift */,
				C1030A1A29A8D362009609D8 /* SceneDelegate.swift */,
				C1030A1C29A8D362009609D8 /* ViewController.swift */,
				C1030A1E29A8D362009609D8 /* Main.storyboard */,
				C17DE7B329AC7BD6002773D7 /* folderImage.png */,
				C1030A2129A8D364009609D8 /* Assets.xcassets */,
				C1030A2329A8D364009609D8 /* LaunchScreen.storyboard */,
				C1030A2629A8D364009609D8 /* Info.plist */,
				C17DE7B529AC7C6A002773D7 /* FolderCell.swift */,
			);
			path = haeIn_photoes;
			sourceTree = "<group>";
		};
/* End PBXGroup section */

/* Begin PBXNativeTarget section */
		C1030A1429A8D362009609D8 /* haeIn_photoes */ = {
			isa = PBXNativeTarget;
			buildConfigurationList = C1030A2929A8D364009609D8 /* Build configuration list for PBXNativeTarget "haeIn_photoes" */;
			buildPhases = (
				C1030A1129A8D362009609D8 /* Sources */,
				C1030A1229A8D362009609D8 /* Frameworks */,
				C1030A1329A8D362009609D8 /* Resources */,
			);
			buildRules = (
			);
			dependencies = (
			);
			name = haeIn_photoes;
			productName = haeIn_photoes;
			productReference = C1030A1529A8D362009609D8 /* haeIn_photoes.app */;
			productType = "com.apple.product-type.application";
		};
/* End PBXNativeTarget section */

/* Begin PBXProject section */
		C1030A0D29A8D362009609D8 /* Project object */ = {
			isa = PBXProject;
			attributes = {
				BuildIndependentTargetsInParallel = 1;
				LastSwiftUpdateCheck = 1410;
				LastUpgradeCheck = 1410;
				TargetAttributes = {
					C1030A1429A8D362009609D8 = {
						CreatedOnToolsVersion = 14.1;
					};
				};
			};
			buildConfigurationList = C1030A1029A8D362009609D8 /* Build configuration list for PBXProject "haeIn_photoes" */;
			compatibilityVersion = "Xcode 14.0";
			developmentRegion = en;
			hasScannedForEncodings = 0;
			knownRegions = (
				en,
				Base,
			);
			mainGroup = C1030A0C29A8D362009609D8;
			productRefGroup = C1030A1629A8D362009609D8 /* Products */;
			projectDirPath = "";
			projectRoot = "";
			targets = (
				C1030A1429A8D362009609D8 /* haeIn_photoes */,
			);
		};
/* End PBXProject section */

/* Begin PBXResourcesBuildPhase section */
		C1030A1329A8D362009609D8 /* Resources */ = {
			isa = PBXResourcesBuildPhase;
			buildActionMask = 2147483647;
			files = (
				C1030A2529A8D364009609D8 /* LaunchScreen.storyboard in Resources */,
				C17DE7B429AC7BD6002773D7 /* folderImage.png in Resources */,
				C1030A2229A8D364009609D8 /* Assets.xcassets in Resources */,
				C1030A2029A8D362009609D8 /* Main.storyboard in Resources */,
			);
			runOnlyForDeploymentPostprocessing = 0;
		};
/* End PBXResourcesBuildPhase section */

/* Begin PBXSourcesBuildPhase section */
		C1030A1129A8D362009609D8 /* Sources */ = {
			isa = PBXSourcesBuildPhase;
			buildActionMask = 2147483647;
			files = (
				C1030A1D29A8D362009609D8 /* ViewController.swift in Sources */,
				C17DE7B829AC80D7002773D7 /* Folder.swift in Sources */,
				C17DE7B629AC7C6A002773D7 /* FolderCell.swift in Sources */,
				C1030A1929A8D362009609D8 /* AppDelegate.swift in Sources */,
				C1030A1B29A8D362009609D8 /* SceneDelegate.swift in Sources */,
			);
			runOnlyForDeploymentPostprocessing = 0;
		};
/* End PBXSourcesBuildPhase section */

/* Begin PBXVariantGroup section */
		C1030A1E29A8D362009609D8 /* Main.storyboard */ = {
			isa = PBXVariantGroup;
			children = (
				C1030A1F29A8D362009609D8 /* Base */,
			);
			name = Main.storyboard;
			sourceTree = "<group>";
		};
		C1030A2329A8D364009609D8 /* LaunchScreen.storyboard */ = {
			isa = PBXVariantGroup;
			children = (
				C1030A2429A8D364009609D8 /* Base */,
			);
			name = LaunchScreen.storyboard;
			sourceTree = "<group>";
		};
/* End PBXVariantGroup section */

/* Begin XCBuildConfiguration section */
		C1030A2729A8D364009609D8 /* Debug */ = {
			isa = XCBuildConfiguration;
			buildSettings = {
				ALWAYS_SEARCH_USER_PATHS = NO;
				CLANG_ANALYZER_NONNULL = YES;
				CLANG_ANALYZER_NUMBER_OBJECT_CONVERSION = YES_AGGRESSIVE;
				CLANG_CXX_LANGUAGE_STANDARD = "gnu++20";
				CLANG_ENABLE_MODULES = YES;
				CLANG_ENABLE_OBJC_ARC = YES;
				CLANG_ENABLE_OBJC_WEAK = YES;
				CLANG_WARN_BLOCK_CAPTURE_AUTORELEASING = YES;
				CLANG_WARN_BOOL_CONVERSION = YES;
				CLANG_WARN_COMMA = YES;
				CLANG_WARN_CONSTANT_CONVERSION = YES;
				CLANG_WARN_DEPRECATED_OBJC_IMPLEMENTATIONS = YES;
				CLANG_WARN_DIRECT_OBJC_ISA_USAGE = YES_ERROR;
				CLANG_WARN_DOCUMENTATION_COMMENTS = YES;
				CLANG_WARN_EMPTY_BODY = YES;
				CLANG_WARN_ENUM_CONVERSION = YES;
				CLANG_WARN_INFINITE_RECURSION = YES;
				CLANG_WARN_INT_CONVERSION = YES;
				CLANG_WARN_NON_LITERAL_NULL_CONVERSION = YES;
				CLANG_WARN_OBJC_IMPLICIT_RETAIN_SELF = YES;
				CLANG_WARN_OBJC_LITERAL_CONVERSION = YES;
				CLANG_WARN_OBJC_ROOT_CLASS = YES_ERROR;
				CLANG_WARN_QUOTED_INCLUDE_IN_FRAMEWORK_HEADER = YES;
				CLANG_WARN_RANGE_LOOP_ANALYSIS = YES;
				CLANG_WARN_STRICT_PROTOTYPES = YES;
				CLANG_WARN_SUSPICIOUS_MOVE = YES;
				CLANG_WARN_UNGUARDED_AVAILABILITY = YES_AGGRESSIVE;
				CLANG_WARN_UNREACHABLE_CODE = YES;
				CLANG_WARN__DUPLICATE_METHOD_MATCH = YES;
				COPY_PHASE_STRIP = NO;
				DEBUG_INFORMATION_FORMAT = dwarf;
				ENABLE_STRICT_OBJC_MSGSEND = YES;
				ENABLE_TESTABILITY = YES;
				GCC_C_LANGUAGE_STANDARD = gnu11;
				GCC_DYNAMIC_NO_PIC = NO;
				GCC_NO_COMMON_BLOCKS = YES;
				GCC_OPTIMIZATION_LEVEL = 0;
				GCC_PREPROCESSOR_DEFINITIONS = (
					"DEBUG=1",
					"$(inherited)",
				);
				GCC_WARN_64_TO_32_BIT_CONVERSION = YES;
				GCC_WARN_ABOUT_RETURN_TYPE = YES_ERROR;
				GCC_WARN_UNDECLARED_SELECTOR = YES;
				GCC_WARN_UNINITIALIZED_AUTOS = YES_AGGRESSIVE;
				GCC_WARN_UNUSED_FUNCTION = YES;
				GCC_WARN_UNUSED_VARIABLE = YES;
				IPHONEOS_DEPLOYMENT_TARGET = 16.1;
				MTL_ENABLE_DEBUG_INFO = INCLUDE_SOURCE;
				MTL_FAST_MATH = YES;
				ONLY_ACTIVE_ARCH = YES;
				SDKROOT = iphoneos;
				SWIFT_ACTIVE_COMPILATION_CONDITIONS = DEBUG;
				SWIFT_OPTIMIZATION_LEVEL = "-Onone";
			};
			name = Debug;
		};
		C1030A2829A8D364009609D8 /* Release */ = {
			isa = XCBuildConfiguration;
			buildSettings = {
				ALWAYS_SEARCH_USER_PATHS = NO;
				CLANG_ANALYZER_NONNULL = YES;
				CLANG_ANALYZER_NUMBER_OBJECT_CONVERSION = YES_AGGRESSIVE;
				CLANG_CXX_LANGUAGE_STANDARD = "gnu++20";
				CLANG_ENABLE_MODULES = YES;
				CLANG_ENABLE_OBJC_ARC = YES;
				CLANG_ENABLE_OBJC_WEAK = YES;
				CLANG_WARN_BLOCK_CAPTURE_AUTORELEASING = YES;
				CLANG_WARN_BOOL_CONVERSION = YES;
				CLANG_WARN_COMMA = YES;
				CLANG_WARN_CONSTANT_CONVERSION = YES;
				CLANG_WARN_DEPRECATED_OBJC_IMPLEMENTATIONS = YES;
				CLANG_WARN_DIRECT_OBJC_ISA_USAGE = YES_ERROR;
				CLANG_WARN_DOCUMENTATION_COMMENTS = YES;
				CLANG_WARN_EMPTY_BODY = YES;
				CLANG_WARN_ENUM_CONVERSION = YES;
				CLANG_WARN_INFINITE_RECURSION = YES;
				CLANG_WARN_INT_CONVERSION = YES;
				CLANG_WARN_NON_LITERAL_NULL_CONVERSION = YES;
				CLANG_WARN_OBJC_IMPLICIT_RETAIN_SELF = YES;
				CLANG_WARN_OBJC_LITERAL_CONVERSION = YES;
				CLANG_WARN_OBJC_ROOT_CLASS = YES_ERROR;
				CLANG_WARN_QUOTED_INCLUDE_IN_FRAMEWORK_HEADER = YES;
				CLANG_WARN_RANGE_LOOP_ANALYSIS = YES;
				CLANG_WARN_STRICT_PROTOTYPES = YES;
				CLANG_WARN_SUSPICIOUS_MOVE = YES;
				CLANG_WARN_UNGUARDED_AVAILABILITY = YES_AGGRESSIVE;
				CLANG_WARN_UNREACHABLE_CODE = YES;
				CLANG_WARN__DUPLICATE_METHOD_MATCH = YES;
				COPY_PHASE_STRIP = NO;
				DEBUG_INFORMATION_FORMAT = "dwarf-with-dsym";
				ENABLE_NS_ASSERTIONS = NO;
				ENABLE_STRICT_OBJC_MSGSEND = YES;
				GCC_C_LANGUAGE_STANDARD = gnu11;
				GCC_NO_COMMON_BLOCKS = YES;
				GCC_WARN_64_TO_32_BIT_CONVERSION = YES;
				GCC_WARN_ABOUT_RETURN_TYPE = YES_ERROR;
				GCC_WARN_UNDECLARED_SELECTOR = YES;
				GCC_WARN_UNINITIALIZED_AUTOS = YES_AGGRESSIVE;
				GCC_WARN_UNUSED_FUNCTION = YES;
				GCC_WARN_UNUSED_VARIABLE = YES;
				IPHONEOS_DEPLOYMENT_TARGET = 16.1;
				MTL_ENABLE_DEBUG_INFO = NO;
				MTL_FAST_MATH = YES;
				SDKROOT = iphoneos;
				SWIFT_COMPILATION_MODE = wholemodule;
				SWIFT_OPTIMIZATION_LEVEL = "-O";
				VALIDATE_PRODUCT = YES;
			};
			name = Release;
		};
		C1030A2A29A8D364009609D8 /* Debug */ = {
			isa = XCBuildConfiguration;
			buildSettings = {
				ASSETCATALOG_COMPILER_APPICON_NAME = AppIcon;
				ASSETCATALOG_COMPILER_GLOBAL_ACCENT_COLOR_NAME = AccentColor;
				CODE_SIGN_STYLE = Automatic;
				CURRENT_PROJECT_VERSION = 1;
				DEVELOPMENT_TEAM = G2C8H2LVDV;
				GENERATE_INFOPLIST_FILE = YES;
				INFOPLIST_FILE = haeIn_photoes/Info.plist;
				INFOPLIST_KEY_UIApplicationSupportsIndirectInputEvents = YES;
				INFOPLIST_KEY_UILaunchStoryboardName = LaunchScreen;
				INFOPLIST_KEY_UIMainStoryboardFile = Main;
				INFOPLIST_KEY_UISupportedInterfaceOrientations_iPad = "UIInterfaceOrientationPortrait UIInterfaceOrientationPortraitUpsideDown UIInterfaceOrientationLandscapeLeft UIInterfaceOrientationLandscapeRight";
				INFOPLIST_KEY_UISupportedInterfaceOrientations_iPhone = "UIInterfaceOrientationPortrait UIInterfaceOrientationLandscapeLeft UIInterfaceOrientationLandscapeRight";
				LD_RUNPATH_SEARCH_PATHS = (
					"$(inherited)",
					"@executable_path/Frameworks",
				);
				MARKETING_VERSION = 1.0;
				PRODUCT_BUNDLE_IDENTIFIER = "LeeHyunHo.haeIn-photoes";
				PRODUCT_NAME = "$(TARGET_NAME)";
				SWIFT_EMIT_LOC_STRINGS = YES;
				SWIFT_VERSION = 5.0;
				TARGETED_DEVICE_FAMILY = "1,2";
			};
			name = Debug;
		};
		C1030A2B29A8D364009609D8 /* Release */ = {
			isa = XCBuildConfiguration;
			buildSettings = {
				ASSETCATALOG_COMPILER_APPICON_NAME = AppIcon;
				ASSETCATALOG_COMPILER_GLOBAL_ACCENT_COLOR_NAME = AccentColor;
				CODE_SIGN_STYLE = Automatic;
				CURRENT_PROJECT_VERSION = 1;
				DEVELOPMENT_TEAM = G2C8H2LVDV;
				GENERATE_INFOPLIST_FILE = YES;
				INFOPLIST_FILE = haeIn_photoes/Info.plist;
				INFOPLIST_KEY_UIApplicationSupportsIndirectInputEvents = YES;
				INFOPLIST_KEY_UILaunchStoryboardName = LaunchScreen;
				INFOPLIST_KEY_UIMainStoryboardFile = Main;
				INFOPLIST_KEY_UISupportedInterfaceOrientations_iPad = "UIInterfaceOrientationPortrait UIInterfaceOrientationPortraitUpsideDown UIInterfaceOrientationLandscapeLeft UIInterfaceOrientationLandscapeRight";
				INFOPLIST_KEY_UISupportedInterfaceOrientations_iPhone = "UIInterfaceOrientationPortrait UIInterfaceOrientationLandscapeLeft UIInterfaceOrientationLandscapeRight";
				LD_RUNPATH_SEARCH_PATHS = (
					"$(inherited)",
					"@executable_path/Frameworks",
				);
				MARKETING_VERSION = 1.0;
				PRODUCT_BUNDLE_IDENTIFIER = "LeeHyunHo.haeIn-photoes";
				PRODUCT_NAME = "$(TARGET_NAME)";
				SWIFT_EMIT_LOC_STRINGS = YES;
				SWIFT_VERSION = 5.0;
				TARGETED_DEVICE_FAMILY = "1,2";
			};
			name = Release;
		};
/* End XCBuildConfiguration section */

/* Begin XCConfigurationList section */
		C1030A1029A8D362009609D8 /* Build configuration list for PBXProject "haeIn_photoes" */ = {
			isa = XCConfigurationList;
			buildConfigurations = (
				C1030A2729A8D364009609D8 /* Debug */,
				C1030A2829A8D364009609D8 /* Release */,
			);
			defaultConfigurationIsVisible = 0;
			defaultConfigurationName = Release;
		};
		C1030A2929A8D364009609D8 /* Build configuration list for PBXNativeTarget "haeIn_photoes" */ = {
			isa = XCConfigurationList;
			buildConfigurations = (
				C1030A2A29A8D364009609D8 /* Debug */,
				C1030A2B29A8D364009609D8 /* Release */,
			);
			defaultConfigurationIsVisible = 0;
			defaultConfigurationName = Release;
		};
/* End XCConfigurationList section */
	};
	rootObject = C1030A0D29A8D362009609D8 /* Project object */;
}
